Microsoft Visual Studio Solution File, Format Version 12.00
# Visual Studio Version 17
VisualStudioVersion = 17.5.33530.505
MinimumVisualStudioVersion = 10.0.40219.1
Project("{9A19103F-16F7-4668-BE54-9A1E7A4F7556}") = "MiniWebServer", "MiniWebServer\MiniWebServer.csproj", "{C5F00823-5638-4EE9-8FAB-32D2F2FEE7C7}"
EndProject
Project("{9A19103F-16F7-4668-BE54-9A1E7A4F7556}") = "MiniWebServer.Abstractions", "MiniWebServer.Abstractions\MiniWebServer.Abstractions.csproj", "{1C717D84-E35C-4C28-A9AB-74AA9C2CD231}"
EndProject
Project("{9A19103F-16F7-4668-BE54-9A1E7A4F7556}") = "MiniWebServer.Server", "MiniWebServer.Server\MiniWebServer.Server.csproj", "{8C0E39BD-8A5C-430E-BE81-AC501AC859B8}"
EndProject
Project("{9A19103F-16F7-4668-BE54-9A1E7A4F7556}") = "MiniWebServer.HttpParser", "MiniWebServer.HttpParser\MiniWebServer.HttpParser.csproj", "{57911B66-10D8-4B27-BD65-F760CB2928C6}"
EndProject
Project("{2150E333-8FDC-42A3-9474-1A3956D46DE8}") = "Tests", "Tests", "{E2BF560E-AB82-44C5-B990-32F2F5CEB8F8}"
EndProject
Project("{9A19103F-16F7-4668-BE54-9A1E7A4F7556}") = "ParserTests", "Tests\ParserTests\ParserTests.csproj", "{AAD4CD40-291C-45C4-AAC8-8B9E8F0BD07E}"
EndProject
Project("{9A19103F-16F7-4668-BE54-9A1E7A4F7556}") = "MiniWebServer.Configuration", "MiniWebServer.Configuration\MiniWebServer.Configuration.csproj", "{7A4E46F4-DF96-498D-A09E-C84A386C797A}"
EndProject
Project("{9A19103F-16F7-4668-BE54-9A1E7A4F7556}") = "Http11ProtocolTests", "Tests\Http11ProtocolTests\Http11ProtocolTests.csproj", "{BD64443D-6F0F-4290-AD5C-8754361EA4F7}"
EndProject
Project("{9A19103F-16F7-4668-BE54-9A1E7A4F7556}") = "MiniWebServer.MiniApp", "MiniWebServer.MiniApp\MiniWebServer.MiniApp.csproj", "{2ECB28F1-3747-4605-BEAD-0C3C1792FDD3}"
EndProject
Project("{9A19103F-16F7-4668-BE54-9A1E7A4F7556}") = "MiniWebServer.Server.Abstractions", "MiniWebServer.Server.Abstractions\MiniWebServer.Server.Abstractions.csproj", "{B2A21BDA-7197-44B7-A57E-AF1B84659022}"
EndProject
Project("{9A19103F-16F7-4668-BE54-9A1E7A4F7556}") = "MiniWebServer.Helpers", "MiniWebServer.Helpers\MiniWebServer.Helpers.csproj", "{53E8D5D2-B35F-4320-9EA2-A7E1CABDD3E2}"
EndProject
Project("{2150E333-8FDC-42A3-9474-1A3956D46DE8}") = "Middleware", "Middleware", "{CDB8B9EF-99E4-41E1-BE46-698647123255}"
	ProjectSection(SolutionItems) = preProject
		Middleware\README.md = Middleware\README.md
	EndProjectSection
EndProject
Project("{9A19103F-16F7-4668-BE54-9A1E7A4F7556}") = "StaticFiles", "Middleware\StaticFiles\StaticFiles.csproj", "{574B1766-8B0E-4F7A-AF14-D9B235375346}"
EndProject
Project("{9A19103F-16F7-4668-BE54-9A1E7A4F7556}") = "Middleware.Session.Tests", "Tests\Middleware\Middleware.Session.Tests\Middleware.Session.Tests.csproj", "{8DE9E3D2-504D-406C-B1B6-6376DDBB1C18}"
EndProject
Project("{9A19103F-16F7-4668-BE54-9A1E7A4F7556}") = "Session", "Middleware\Session\Session.csproj", "{34C08C0D-CA25-4ABB-829B-128B4AD34B26}"
EndProject
Project("{9A19103F-16F7-4668-BE54-9A1E7A4F7556}") = "Authentication", "Middleware\Authentication\Authentication.csproj", "{7ADB76EB-E66A-4485-A79F-8932DD6E809B}"
EndProject
Project("{9A19103F-16F7-4668-BE54-9A1E7A4F7556}") = "Authorization", "Middleware\Authorization\Authorization.csproj", "{000B72B4-FB1B-4E49-9A80-68CFB5745DAD}"
EndProject
Project("{9A19103F-16F7-4668-BE54-9A1E7A4F7556}") = "OutputCaching", "Middleware\OutputCaching\OutputCaching.csproj", "{6FD32F01-C70E-49EC-9FF7-8BF877C157F7}"
EndProject
Project("{9A19103F-16F7-4668-BE54-9A1E7A4F7556}") = "Mvc", "Middleware\Mvc\Mvc.csproj", "{9D33416B-0C1A-4978-92DD-2FA9312425FE}"
EndProject
Project("{9A19103F-16F7-4668-BE54-9A1E7A4F7556}") = "MiniWebServer.Mvc.Abstraction", "MiniWebServer.Mvc.Abstraction\MiniWebServer.Mvc.Abstraction.csproj", "{02D6A22A-19A6-4132-93CE-53B0188DCB6D}"
EndProject
Project("{9A19103F-16F7-4668-BE54-9A1E7A4F7556}") = "MiniWebServer.Mvc.MiniRazorEngine", "MiniWebServer.Mvc.MiniRazorEngine\MiniWebServer.Mvc.MiniRazorEngine.csproj", "{D8C81730-5885-4543-914D-FFA6B4506E74}"
EndProject
Project("{9A19103F-16F7-4668-BE54-9A1E7A4F7556}") = "MiniWebServer.Mvc.SuperpowerTemplateParser", "MiniWebServer.Mvc.SuperpowerTemplateParser\MiniWebServer.Mvc.SuperpowerTemplateParser.csproj", "{27D4F3E8-C068-45D1-A3BB-87B1C17A7195}"
EndProject
Project("{9A19103F-16F7-4668-BE54-9A1E7A4F7556}") = "SuperpowerTemplateTests", "MiniWebServer.Mvc.SuperpowerTemplateParser\Tests\SuperpowerTemplateTests\SuperpowerTemplateTests.csproj", "{F22ACC05-2C31-46C5-B970-33926F88FA82}"
EndProject
Project("{9A19103F-16F7-4668-BE54-9A1E7A4F7556}") = "MiniWebServer.Mvc.RazorLightTemplateParser", "MiniWebServer.Mvc.RazorLightTemplateParser\MiniWebServer.Mvc.RazorLightTemplateParser.csproj", "{7EAF50DD-B797-4E2B-A4B4-F3C842F8C930}"
EndProject
Project("{9A19103F-16F7-4668-BE54-9A1E7A4F7556}") = "MvcMiddlewareTests", "Tests\MvcMiddlewareTests\MvcMiddlewareTests.csproj", "{AC56CA64-FA61-4B42-9C66-3DD808A01F9F}"
EndProject
Project("{9A19103F-16F7-4668-BE54-9A1E7A4F7556}") = "HttpsRedirection", "Middleware\HttpsRedirection\HttpsRedirection.csproj", "{F509000B-F2D0-4477-AE31-DEA2DCC5E43D}"
EndProject
Project("{9A19103F-16F7-4668-BE54-9A1E7A4F7556}") = "MiniWebServer.MimeMapping", "MiniWebServer.MimeMapping\MiniWebServer.MimeMapping.csproj", "{560D19BE-F248-4DA8-9187-0D3F6397DB81}"
EndProject
Project("{9A19103F-16F7-4668-BE54-9A1E7A4F7556}") = "HstsMiddleware", "Middleware\HstsMiddleware\HstsMiddleware.csproj", "{874FFA55-F2B3-46A8-A9EC-8B57DBE31A88}"
EndProject
Project("{9A19103F-16F7-4668-BE54-9A1E7A4F7556}") = "WebSocket", "Middleware\WebSocket\WebSocket.csproj", "{4A5ED635-0A28-40F8-94A1-8CD00543AB70}"
EndProject
Project("{9A19103F-16F7-4668-BE54-9A1E7A4F7556}") = "MiniWebServer.WebSocket.Abstractions", "MiniWebServer.WebSocket.Abstractions\MiniWebServer.WebSocket.Abstractions.csproj", "{87CCD997-C4C9-4E2F-B773-70C67DDEFC65}"
EndProject
Project("{2150E333-8FDC-42A3-9474-1A3956D46DE8}") = "Mvc", "Mvc", "{12E1386D-1043-45A1-AC7A-86BCC6D40513}"
EndProject
Project("{FAE04EC0-301F-11D3-BF4B-00C04F79EFBC}") = "CgiMiddleware", "Middleware\CgiMiddleware\CgiMiddleware.csproj", "{1C686655-7110-4EF7-819F-3E32C81D3F93}"
EndProject
Global
	GlobalSection(SolutionConfigurationPlatforms) = preSolution
		Debug|Any CPU = Debug|Any CPU
		Release|Any CPU = Release|Any CPU
	EndGlobalSection
	GlobalSection(ProjectConfigurationPlatforms) = postSolution
		{C5F00823-5638-4EE9-8FAB-32D2F2FEE7C7}.Debug|Any CPU.ActiveCfg = Debug|Any CPU
		{C5F00823-5638-4EE9-8FAB-32D2F2FEE7C7}.Debug|Any CPU.Build.0 = Debug|Any CPU
		{C5F00823-5638-4EE9-8FAB-32D2F2FEE7C7}.Release|Any CPU.ActiveCfg = Release|Any CPU
		{C5F00823-5638-4EE9-8FAB-32D2F2FEE7C7}.Release|Any CPU.Build.0 = Release|Any CPU
		{1C717D84-E35C-4C28-A9AB-74AA9C2CD231}.Debug|Any CPU.ActiveCfg = Debug|Any CPU
		{1C717D84-E35C-4C28-A9AB-74AA9C2CD231}.Debug|Any CPU.Build.0 = Debug|Any CPU
		{1C717D84-E35C-4C28-A9AB-74AA9C2CD231}.Release|Any CPU.ActiveCfg = Release|Any CPU
		{1C717D84-E35C-4C28-A9AB-74AA9C2CD231}.Release|Any CPU.Build.0 = Release|Any CPU
		{8C0E39BD-8A5C-430E-BE81-AC501AC859B8}.Debug|Any CPU.ActiveCfg = Debug|Any CPU
		{8C0E39BD-8A5C-430E-BE81-AC501AC859B8}.Debug|Any CPU.Build.0 = Debug|Any CPU
		{8C0E39BD-8A5C-430E-BE81-AC501AC859B8}.Release|Any CPU.ActiveCfg = Release|Any CPU
		{8C0E39BD-8A5C-430E-BE81-AC501AC859B8}.Release|Any CPU.Build.0 = Release|Any CPU
		{57911B66-10D8-4B27-BD65-F760CB2928C6}.Debug|Any CPU.ActiveCfg = Debug|Any CPU
		{57911B66-10D8-4B27-BD65-F760CB2928C6}.Debug|Any CPU.Build.0 = Debug|Any CPU
		{57911B66-10D8-4B27-BD65-F760CB2928C6}.Release|Any CPU.ActiveCfg = Release|Any CPU
		{57911B66-10D8-4B27-BD65-F760CB2928C6}.Release|Any CPU.Build.0 = Release|Any CPU
		{AAD4CD40-291C-45C4-AAC8-8B9E8F0BD07E}.Debug|Any CPU.ActiveCfg = Debug|Any CPU
		{AAD4CD40-291C-45C4-AAC8-8B9E8F0BD07E}.Debug|Any CPU.Build.0 = Debug|Any CPU
		{AAD4CD40-291C-45C4-AAC8-8B9E8F0BD07E}.Release|Any CPU.ActiveCfg = Release|Any CPU
		{AAD4CD40-291C-45C4-AAC8-8B9E8F0BD07E}.Release|Any CPU.Build.0 = Release|Any CPU
		{7A4E46F4-DF96-498D-A09E-C84A386C797A}.Debug|Any CPU.ActiveCfg = Debug|Any CPU
		{7A4E46F4-DF96-498D-A09E-C84A386C797A}.Debug|Any CPU.Build.0 = Debug|Any CPU
		{7A4E46F4-DF96-498D-A09E-C84A386C797A}.Release|Any CPU.ActiveCfg = Release|Any CPU
		{7A4E46F4-DF96-498D-A09E-C84A386C797A}.Release|Any CPU.Build.0 = Release|Any CPU
		{BD64443D-6F0F-4290-AD5C-8754361EA4F7}.Debug|Any CPU.ActiveCfg = Debug|Any CPU
		{BD64443D-6F0F-4290-AD5C-8754361EA4F7}.Debug|Any CPU.Build.0 = Debug|Any CPU
		{BD64443D-6F0F-4290-AD5C-8754361EA4F7}.Release|Any CPU.ActiveCfg = Release|Any CPU
		{BD64443D-6F0F-4290-AD5C-8754361EA4F7}.Release|Any CPU.Build.0 = Release|Any CPU
		{2ECB28F1-3747-4605-BEAD-0C3C1792FDD3}.Debug|Any CPU.ActiveCfg = Debug|Any CPU
		{2ECB28F1-3747-4605-BEAD-0C3C1792FDD3}.Debug|Any CPU.Build.0 = Debug|Any CPU
		{2ECB28F1-3747-4605-BEAD-0C3C1792FDD3}.Release|Any CPU.ActiveCfg = Release|Any CPU
		{2ECB28F1-3747-4605-BEAD-0C3C1792FDD3}.Release|Any CPU.Build.0 = Release|Any CPU
		{B2A21BDA-7197-44B7-A57E-AF1B84659022}.Debug|Any CPU.ActiveCfg = Debug|Any CPU
		{B2A21BDA-7197-44B7-A57E-AF1B84659022}.Debug|Any CPU.Build.0 = Debug|Any CPU
		{B2A21BDA-7197-44B7-A57E-AF1B84659022}.Release|Any CPU.ActiveCfg = Release|Any CPU
		{B2A21BDA-7197-44B7-A57E-AF1B84659022}.Release|Any CPU.Build.0 = Release|Any CPU
		{53E8D5D2-B35F-4320-9EA2-A7E1CABDD3E2}.Debug|Any CPU.ActiveCfg = Debug|Any CPU
		{53E8D5D2-B35F-4320-9EA2-A7E1CABDD3E2}.Debug|Any CPU.Build.0 = Debug|Any CPU
		{53E8D5D2-B35F-4320-9EA2-A7E1CABDD3E2}.Release|Any CPU.ActiveCfg = Release|Any CPU
		{53E8D5D2-B35F-4320-9EA2-A7E1CABDD3E2}.Release|Any CPU.Build.0 = Release|Any CPU
		{574B1766-8B0E-4F7A-AF14-D9B235375346}.Debug|Any CPU.ActiveCfg = Debug|Any CPU
		{574B1766-8B0E-4F7A-AF14-D9B235375346}.Debug|Any CPU.Build.0 = Debug|Any CPU
		{574B1766-8B0E-4F7A-AF14-D9B235375346}.Release|Any CPU.ActiveCfg = Release|Any CPU
		{574B1766-8B0E-4F7A-AF14-D9B235375346}.Release|Any CPU.Build.0 = Release|Any CPU
		{8DE9E3D2-504D-406C-B1B6-6376DDBB1C18}.Debug|Any CPU.ActiveCfg = Debug|Any CPU
		{8DE9E3D2-504D-406C-B1B6-6376DDBB1C18}.Debug|Any CPU.Build.0 = Debug|Any CPU
		{8DE9E3D2-504D-406C-B1B6-6376DDBB1C18}.Release|Any CPU.ActiveCfg = Release|Any CPU
		{8DE9E3D2-504D-406C-B1B6-6376DDBB1C18}.Release|Any CPU.Build.0 = Release|Any CPU
		{34C08C0D-CA25-4ABB-829B-128B4AD34B26}.Debug|Any CPU.ActiveCfg = Debug|Any CPU
		{34C08C0D-CA25-4ABB-829B-128B4AD34B26}.Debug|Any CPU.Build.0 = Debug|Any CPU
		{34C08C0D-CA25-4ABB-829B-128B4AD34B26}.Release|Any CPU.ActiveCfg = Release|Any CPU
		{34C08C0D-CA25-4ABB-829B-128B4AD34B26}.Release|Any CPU.Build.0 = Release|Any CPU
		{7ADB76EB-E66A-4485-A79F-8932DD6E809B}.Debug|Any CPU.ActiveCfg = Debug|Any CPU
		{7ADB76EB-E66A-4485-A79F-8932DD6E809B}.Debug|Any CPU.Build.0 = Debug|Any CPU
		{7ADB76EB-E66A-4485-A79F-8932DD6E809B}.Release|Any CPU.ActiveCfg = Release|Any CPU
		{7ADB76EB-E66A-4485-A79F-8932DD6E809B}.Release|Any CPU.Build.0 = Release|Any CPU
		{000B72B4-FB1B-4E49-9A80-68CFB5745DAD}.Debug|Any CPU.ActiveCfg = Debug|Any CPU
		{000B72B4-FB1B-4E49-9A80-68CFB5745DAD}.Debug|Any CPU.Build.0 = Debug|Any CPU
		{000B72B4-FB1B-4E49-9A80-68CFB5745DAD}.Release|Any CPU.ActiveCfg = Release|Any CPU
		{000B72B4-FB1B-4E49-9A80-68CFB5745DAD}.Release|Any CPU.Build.0 = Release|Any CPU
		{6FD32F01-C70E-49EC-9FF7-8BF877C157F7}.Debug|Any CPU.ActiveCfg = Debug|Any CPU
		{6FD32F01-C70E-49EC-9FF7-8BF877C157F7}.Debug|Any CPU.Build.0 = Debug|Any CPU
		{6FD32F01-C70E-49EC-9FF7-8BF877C157F7}.Release|Any CPU.ActiveCfg = Release|Any CPU
		{6FD32F01-C70E-49EC-9FF7-8BF877C157F7}.Release|Any CPU.Build.0 = Release|Any CPU
		{9D33416B-0C1A-4978-92DD-2FA9312425FE}.Debug|Any CPU.ActiveCfg = Debug|Any CPU
		{9D33416B-0C1A-4978-92DD-2FA9312425FE}.Debug|Any CPU.Build.0 = Debug|Any CPU
		{9D33416B-0C1A-4978-92DD-2FA9312425FE}.Release|Any CPU.ActiveCfg = Release|Any CPU
		{9D33416B-0C1A-4978-92DD-2FA9312425FE}.Release|Any CPU.Build.0 = Release|Any CPU
		{02D6A22A-19A6-4132-93CE-53B0188DCB6D}.Debug|Any CPU.ActiveCfg = Debug|Any CPU
		{02D6A22A-19A6-4132-93CE-53B0188DCB6D}.Debug|Any CPU.Build.0 = Debug|Any CPU
		{02D6A22A-19A6-4132-93CE-53B0188DCB6D}.Release|Any CPU.ActiveCfg = Release|Any CPU
		{02D6A22A-19A6-4132-93CE-53B0188DCB6D}.Release|Any CPU.Build.0 = Release|Any CPU
		{D8C81730-5885-4543-914D-FFA6B4506E74}.Debug|Any CPU.ActiveCfg = Debug|Any CPU
		{D8C81730-5885-4543-914D-FFA6B4506E74}.Debug|Any CPU.Build.0 = Debug|Any CPU
		{D8C81730-5885-4543-914D-FFA6B4506E74}.Release|Any CPU.ActiveCfg = Release|Any CPU
		{D8C81730-5885-4543-914D-FFA6B4506E74}.Release|Any CPU.Build.0 = Release|Any CPU
		{27D4F3E8-C068-45D1-A3BB-87B1C17A7195}.Debug|Any CPU.ActiveCfg = Debug|Any CPU
		{27D4F3E8-C068-45D1-A3BB-87B1C17A7195}.Debug|Any CPU.Build.0 = Debug|Any CPU
		{27D4F3E8-C068-45D1-A3BB-87B1C17A7195}.Release|Any CPU.ActiveCfg = Release|Any CPU
		{27D4F3E8-C068-45D1-A3BB-87B1C17A7195}.Release|Any CPU.Build.0 = Release|Any CPU
		{F22ACC05-2C31-46C5-B970-33926F88FA82}.Debug|Any CPU.ActiveCfg = Debug|Any CPU
		{F22ACC05-2C31-46C5-B970-33926F88FA82}.Debug|Any CPU.Build.0 = Debug|Any CPU
		{F22ACC05-2C31-46C5-B970-33926F88FA82}.Release|Any CPU.ActiveCfg = Release|Any CPU
		{F22ACC05-2C31-46C5-B970-33926F88FA82}.Release|Any CPU.Build.0 = Release|Any CPU
		{7EAF50DD-B797-4E2B-A4B4-F3C842F8C930}.Debug|Any CPU.ActiveCfg = Debug|Any CPU
		{7EAF50DD-B797-4E2B-A4B4-F3C842F8C930}.Debug|Any CPU.Build.0 = Debug|Any CPU
		{7EAF50DD-B797-4E2B-A4B4-F3C842F8C930}.Release|Any CPU.ActiveCfg = Release|Any CPU
		{7EAF50DD-B797-4E2B-A4B4-F3C842F8C930}.Release|Any CPU.Build.0 = Release|Any CPU
		{AC56CA64-FA61-4B42-9C66-3DD808A01F9F}.Debug|Any CPU.ActiveCfg = Debug|Any CPU
		{AC56CA64-FA61-4B42-9C66-3DD808A01F9F}.Debug|Any CPU.Build.0 = Debug|Any CPU
		{AC56CA64-FA61-4B42-9C66-3DD808A01F9F}.Release|Any CPU.ActiveCfg = Release|Any CPU
		{AC56CA64-FA61-4B42-9C66-3DD808A01F9F}.Release|Any CPU.Build.0 = Release|Any CPU
		{F509000B-F2D0-4477-AE31-DEA2DCC5E43D}.Debug|Any CPU.ActiveCfg = Debug|Any CPU
		{F509000B-F2D0-4477-AE31-DEA2DCC5E43D}.Debug|Any CPU.Build.0 = Debug|Any CPU
		{F509000B-F2D0-4477-AE31-DEA2DCC5E43D}.Release|Any CPU.ActiveCfg = Release|Any CPU
		{F509000B-F2D0-4477-AE31-DEA2DCC5E43D}.Release|Any CPU.Build.0 = Release|Any CPU
		{560D19BE-F248-4DA8-9187-0D3F6397DB81}.Debug|Any CPU.ActiveCfg = Debug|Any CPU
		{560D19BE-F248-4DA8-9187-0D3F6397DB81}.Debug|Any CPU.Build.0 = Debug|Any CPU
		{560D19BE-F248-4DA8-9187-0D3F6397DB81}.Release|Any CPU.ActiveCfg = Release|Any CPU
		{560D19BE-F248-4DA8-9187-0D3F6397DB81}.Release|Any CPU.Build.0 = Release|Any CPU
		{874FFA55-F2B3-46A8-A9EC-8B57DBE31A88}.Debug|Any CPU.ActiveCfg = Debug|Any CPU
		{874FFA55-F2B3-46A8-A9EC-8B57DBE31A88}.Debug|Any CPU.Build.0 = Debug|Any CPU
		{874FFA55-F2B3-46A8-A9EC-8B57DBE31A88}.Release|Any CPU.ActiveCfg = Release|Any CPU
		{874FFA55-F2B3-46A8-A9EC-8B57DBE31A88}.Release|Any CPU.Build.0 = Release|Any CPU
		{4A5ED635-0A28-40F8-94A1-8CD00543AB70}.Debug|Any CPU.ActiveCfg = Debug|Any CPU
		{4A5ED635-0A28-40F8-94A1-8CD00543AB70}.Debug|Any CPU.Build.0 = Debug|Any CPU
		{4A5ED635-0A28-40F8-94A1-8CD00543AB70}.Release|Any CPU.ActiveCfg = Release|Any CPU
		{4A5ED635-0A28-40F8-94A1-8CD00543AB70}.Release|Any CPU.Build.0 = Release|Any CPU
		{87CCD997-C4C9-4E2F-B773-70C67DDEFC65}.Debug|Any CPU.ActiveCfg = Debug|Any CPU
		{87CCD997-C4C9-4E2F-B773-70C67DDEFC65}.Debug|Any CPU.Build.0 = Debug|Any CPU
		{87CCD997-C4C9-4E2F-B773-70C67DDEFC65}.Release|Any CPU.ActiveCfg = Release|Any CPU
		{87CCD997-C4C9-4E2F-B773-70C67DDEFC65}.Release|Any CPU.Build.0 = Release|Any CPU
		{1C686655-7110-4EF7-819F-3E32C81D3F93}.Debug|Any CPU.ActiveCfg = Debug|Any CPU
		{1C686655-7110-4EF7-819F-3E32C81D3F93}.Debug|Any CPU.Build.0 = Debug|Any CPU
		{1C686655-7110-4EF7-819F-3E32C81D3F93}.Release|Any CPU.ActiveCfg = Release|Any CPU
		{1C686655-7110-4EF7-819F-3E32C81D3F93}.Release|Any CPU.Build.0 = Release|Any CPU
	EndGlobalSection
	GlobalSection(SolutionProperties) = preSolution
		HideSolutionNode = FALSE
	EndGlobalSection
	GlobalSection(NestedProjects) = preSolution
		{AAD4CD40-291C-45C4-AAC8-8B9E8F0BD07E} = {E2BF560E-AB82-44C5-B990-32F2F5CEB8F8}
		{BD64443D-6F0F-4290-AD5C-8754361EA4F7} = {E2BF560E-AB82-44C5-B990-32F2F5CEB8F8}
		{574B1766-8B0E-4F7A-AF14-D9B235375346} = {CDB8B9EF-99E4-41E1-BE46-698647123255}
		{8DE9E3D2-504D-406C-B1B6-6376DDBB1C18} = {E2BF560E-AB82-44C5-B990-32F2F5CEB8F8}
		{34C08C0D-CA25-4ABB-829B-128B4AD34B26} = {CDB8B9EF-99E4-41E1-BE46-698647123255}
		{7ADB76EB-E66A-4485-A79F-8932DD6E809B} = {CDB8B9EF-99E4-41E1-BE46-698647123255}
		{000B72B4-FB1B-4E49-9A80-68CFB5745DAD} = {CDB8B9EF-99E4-41E1-BE46-698647123255}
		{6FD32F01-C70E-49EC-9FF7-8BF877C157F7} = {CDB8B9EF-99E4-41E1-BE46-698647123255}
		{9D33416B-0C1A-4978-92DD-2FA9312425FE} = {CDB8B9EF-99E4-41E1-BE46-698647123255}
		{02D6A22A-19A6-4132-93CE-53B0188DCB6D} = {12E1386D-1043-45A1-AC7A-86BCC6D40513}
		{D8C81730-5885-4543-914D-FFA6B4506E74} = {12E1386D-1043-45A1-AC7A-86BCC6D40513}
		{27D4F3E8-C068-45D1-A3BB-87B1C17A7195} = {12E1386D-1043-45A1-AC7A-86BCC6D40513}
		{F22ACC05-2C31-46C5-B970-33926F88FA82} = {E2BF560E-AB82-44C5-B990-32F2F5CEB8F8}
		{7EAF50DD-B797-4E2B-A4B4-F3C842F8C930} = {12E1386D-1043-45A1-AC7A-86BCC6D40513}
		{AC56CA64-FA61-4B42-9C66-3DD808A01F9F} = {E2BF560E-AB82-44C5-B990-32F2F5CEB8F8}
		{F509000B-F2D0-4477-AE31-DEA2DCC5E43D} = {CDB8B9EF-99E4-41E1-BE46-698647123255}
		{874FFA55-F2B3-46A8-A9EC-8B57DBE31A88} = {CDB8B9EF-99E4-41E1-BE46-698647123255}
		{4A5ED635-0A28-40F8-94A1-8CD00543AB70} = {CDB8B9EF-99E4-41E1-BE46-698647123255}
		{1C686655-7110-4EF7-819F-3E32C81D3F93} = {CDB8B9EF-99E4-41E1-BE46-698647123255}
	EndGlobalSection
	GlobalSection(ExtensibilityGlobals) = postSolution
		SolutionGuid = {D1843708-76D1-4698-A487-8D1531533306}
	EndGlobalSection
EndGlobal
