
Microsoft Visual Studio Solution File, Format Version 12.00
# Visual Studio Version 17
VisualStudioVersion = 17.5.33530.505
MinimumVisualStudioVersion = 10.0.40219.1
Project("{9A19103F-16F7-4668-BE54-9A1E7A4F7556}") = "MiniWebServer", "MiniWebServer\MiniWebServer.csproj", "{C5F00823-5638-4EE9-8FAB-32D2F2FEE7C7}"
EndProject
Project("{9A19103F-16F7-4668-BE54-9A1E7A4F7556}") = "MiniWebServer.Abstractions", "MiniWebServer.Abstractions\MiniWebServer.Abstractions.csproj", "{1C717D84-E35C-4C28-A9AB-74AA9C2CD231}"
EndProject
Project("{9A19103F-16F7-4668-BE54-9A1E7A4F7556}") = "MiniWebServer.Server", "MiniWebServer.Server\MiniWebServer.Server.csproj", "{8C0E39BD-8A5C-430E-BE81-AC501AC859B8}"
EndProject
Project("{9A19103F-16F7-4668-BE54-9A1E7A4F7556}") = "MiniWebServer.HttpParser", "MiniWebServer.HttpParser\MiniWebServer.HttpParser.csproj", "{57911B66-10D8-4B27-BD65-F760CB2928C6}"
EndProject
Project("{2150E333-8FDC-42A3-9474-1A3956D46DE8}") = "Tests", "Tests", "{E2BF560E-AB82-44C5-B990-32F2F5CEB8F8}"
EndProject
Project("{9A19103F-16F7-4668-BE54-9A1E7A4F7556}") = "ParserTests", "Tests\ParserTests\ParserTests.csproj", "{AAD4CD40-291C-45C4-AAC8-8B9E8F0BD07E}"
EndProject
Project("{9A19103F-16F7-4668-BE54-9A1E7A4F7556}") = "MimeMapping", "MimeMapping\MimeMapping.csproj", "{18230824-D7EB-4EB1-BEF5-16FE935D4F19}"
EndProject
Project("{9A19103F-16F7-4668-BE54-9A1E7A4F7556}") = "MiniWebServer.Configuration", "MiniWebServer.Configuration\MiniWebServer.Configuration.csproj", "{7A4E46F4-DF96-498D-A09E-C84A386C797A}"
EndProject
Project("{9A19103F-16F7-4668-BE54-9A1E7A4F7556}") = "Http11ProtocolTests", "Tests\Http11ProtocolTests\Http11ProtocolTests.csproj", "{BD64443D-6F0F-4290-AD5C-8754361EA4F7}"
EndProject
Project("{9A19103F-16F7-4668-BE54-9A1E7A4F7556}") = "MiniWebServer.Action", "MiniWebServer.Action\MiniWebServer.Action.csproj", "{09B700AB-E118-4173-B8FA-9FECF227344F}"
EndProject
Project("{9A19103F-16F7-4668-BE54-9A1E7A4F7556}") = "MiniWebServer.MiniApp", "MiniWebServer.MiniApp\MiniWebServer.MiniApp.csproj", "{2ECB28F1-3747-4605-BEAD-0C3C1792FDD3}"
EndProject
Project("{9A19103F-16F7-4668-BE54-9A1E7A4F7556}") = "MiniWebServer.Server.Abstractions", "MiniWebServer.Server.Abstractions\MiniWebServer.Server.Abstractions.csproj", "{B2A21BDA-7197-44B7-A57E-AF1B84659022}"
EndProject
Project("{9A19103F-16F7-4668-BE54-9A1E7A4F7556}") = "MiniWebServer.Helpers", "MiniWebServer.Helpers\MiniWebServer.Helpers.csproj", "{53E8D5D2-B35F-4320-9EA2-A7E1CABDD3E2}"
EndProject
Project("{2150E333-8FDC-42A3-9474-1A3956D46DE8}") = "Middleware", "Middleware", "{CDB8B9EF-99E4-41E1-BE46-698647123255}"
EndProject
Project("{9A19103F-16F7-4668-BE54-9A1E7A4F7556}") = "StaticFiles", "Middleware\StaticFiles\StaticFiles.csproj", "{574B1766-8B0E-4F7A-AF14-D9B235375346}"
EndProject
Project("{9A19103F-16F7-4668-BE54-9A1E7A4F7556}") = "Middleware.Session.Tests", "Tests\Middleware\Middleware.Session.Tests\Middleware.Session.Tests.csproj", "{8DE9E3D2-504D-406C-B1B6-6376DDBB1C18}"
EndProject
Project("{9A19103F-16F7-4668-BE54-9A1E7A4F7556}") = "Session", "Middleware\Session\Session.csproj", "{34C08C0D-CA25-4ABB-829B-128B4AD34B26}"
EndProject
Global
	GlobalSection(SolutionConfigurationPlatforms) = preSolution
		Debug|Any CPU = Debug|Any CPU
		Release|Any CPU = Release|Any CPU
	EndGlobalSection
	GlobalSection(ProjectConfigurationPlatforms) = postSolution
		{C5F00823-5638-4EE9-8FAB-32D2F2FEE7C7}.Debug|Any CPU.ActiveCfg = Debug|Any CPU
		{C5F00823-5638-4EE9-8FAB-32D2F2FEE7C7}.Debug|Any CPU.Build.0 = Debug|Any CPU
		{C5F00823-5638-4EE9-8FAB-32D2F2FEE7C7}.Release|Any CPU.ActiveCfg = Release|Any CPU
		{C5F00823-5638-4EE9-8FAB-32D2F2FEE7C7}.Release|Any CPU.Build.0 = Release|Any CPU
		{1C717D84-E35C-4C28-A9AB-74AA9C2CD231}.Debug|Any CPU.ActiveCfg = Debug|Any CPU
		{1C717D84-E35C-4C28-A9AB-74AA9C2CD231}.Debug|Any CPU.Build.0 = Debug|Any CPU
		{1C717D84-E35C-4C28-A9AB-74AA9C2CD231}.Release|Any CPU.ActiveCfg = Release|Any CPU
		{1C717D84-E35C-4C28-A9AB-74AA9C2CD231}.Release|Any CPU.Build.0 = Release|Any CPU
		{8C0E39BD-8A5C-430E-BE81-AC501AC859B8}.Debug|Any CPU.ActiveCfg = Debug|Any CPU
		{8C0E39BD-8A5C-430E-BE81-AC501AC859B8}.Debug|Any CPU.Build.0 = Debug|Any CPU
		{8C0E39BD-8A5C-430E-BE81-AC501AC859B8}.Release|Any CPU.ActiveCfg = Release|Any CPU
		{8C0E39BD-8A5C-430E-BE81-AC501AC859B8}.Release|Any CPU.Build.0 = Release|Any CPU
		{57911B66-10D8-4B27-BD65-F760CB2928C6}.Debug|Any CPU.ActiveCfg = Debug|Any CPU
		{57911B66-10D8-4B27-BD65-F760CB2928C6}.Debug|Any CPU.Build.0 = Debug|Any CPU
		{57911B66-10D8-4B27-BD65-F760CB2928C6}.Release|Any CPU.ActiveCfg = Release|Any CPU
		{57911B66-10D8-4B27-BD65-F760CB2928C6}.Release|Any CPU.Build.0 = Release|Any CPU
		{AAD4CD40-291C-45C4-AAC8-8B9E8F0BD07E}.Debug|Any CPU.ActiveCfg = Debug|Any CPU
		{AAD4CD40-291C-45C4-AAC8-8B9E8F0BD07E}.Debug|Any CPU.Build.0 = Debug|Any CPU
		{AAD4CD40-291C-45C4-AAC8-8B9E8F0BD07E}.Release|Any CPU.ActiveCfg = Release|Any CPU
		{AAD4CD40-291C-45C4-AAC8-8B9E8F0BD07E}.Release|Any CPU.Build.0 = Release|Any CPU
		{18230824-D7EB-4EB1-BEF5-16FE935D4F19}.Debug|Any CPU.ActiveCfg = Debug|Any CPU
		{18230824-D7EB-4EB1-BEF5-16FE935D4F19}.Debug|Any CPU.Build.0 = Debug|Any CPU
		{18230824-D7EB-4EB1-BEF5-16FE935D4F19}.Release|Any CPU.ActiveCfg = Release|Any CPU
		{18230824-D7EB-4EB1-BEF5-16FE935D4F19}.Release|Any CPU.Build.0 = Release|Any CPU
		{7A4E46F4-DF96-498D-A09E-C84A386C797A}.Debug|Any CPU.ActiveCfg = Debug|Any CPU
		{7A4E46F4-DF96-498D-A09E-C84A386C797A}.Debug|Any CPU.Build.0 = Debug|Any CPU
		{7A4E46F4-DF96-498D-A09E-C84A386C797A}.Release|Any CPU.ActiveCfg = Release|Any CPU
		{7A4E46F4-DF96-498D-A09E-C84A386C797A}.Release|Any CPU.Build.0 = Release|Any CPU
		{BD64443D-6F0F-4290-AD5C-8754361EA4F7}.Debug|Any CPU.ActiveCfg = Debug|Any CPU
		{BD64443D-6F0F-4290-AD5C-8754361EA4F7}.Debug|Any CPU.Build.0 = Debug|Any CPU
		{BD64443D-6F0F-4290-AD5C-8754361EA4F7}.Release|Any CPU.ActiveCfg = Release|Any CPU
		{BD64443D-6F0F-4290-AD5C-8754361EA4F7}.Release|Any CPU.Build.0 = Release|Any CPU
		{09B700AB-E118-4173-B8FA-9FECF227344F}.Debug|Any CPU.ActiveCfg = Debug|Any CPU
		{09B700AB-E118-4173-B8FA-9FECF227344F}.Debug|Any CPU.Build.0 = Debug|Any CPU
		{09B700AB-E118-4173-B8FA-9FECF227344F}.Release|Any CPU.ActiveCfg = Release|Any CPU
		{09B700AB-E118-4173-B8FA-9FECF227344F}.Release|Any CPU.Build.0 = Release|Any CPU
		{2ECB28F1-3747-4605-BEAD-0C3C1792FDD3}.Debug|Any CPU.ActiveCfg = Debug|Any CPU
		{2ECB28F1-3747-4605-BEAD-0C3C1792FDD3}.Debug|Any CPU.Build.0 = Debug|Any CPU
		{2ECB28F1-3747-4605-BEAD-0C3C1792FDD3}.Release|Any CPU.ActiveCfg = Release|Any CPU
		{2ECB28F1-3747-4605-BEAD-0C3C1792FDD3}.Release|Any CPU.Build.0 = Release|Any CPU
		{B2A21BDA-7197-44B7-A57E-AF1B84659022}.Debug|Any CPU.ActiveCfg = Debug|Any CPU
		{B2A21BDA-7197-44B7-A57E-AF1B84659022}.Debug|Any CPU.Build.0 = Debug|Any CPU
		{B2A21BDA-7197-44B7-A57E-AF1B84659022}.Release|Any CPU.ActiveCfg = Release|Any CPU
		{B2A21BDA-7197-44B7-A57E-AF1B84659022}.Release|Any CPU.Build.0 = Release|Any CPU
		{53E8D5D2-B35F-4320-9EA2-A7E1CABDD3E2}.Debug|Any CPU.ActiveCfg = Debug|Any CPU
		{53E8D5D2-B35F-4320-9EA2-A7E1CABDD3E2}.Debug|Any CPU.Build.0 = Debug|Any CPU
		{53E8D5D2-B35F-4320-9EA2-A7E1CABDD3E2}.Release|Any CPU.ActiveCfg = Release|Any CPU
		{53E8D5D2-B35F-4320-9EA2-A7E1CABDD3E2}.Release|Any CPU.Build.0 = Release|Any CPU
		{574B1766-8B0E-4F7A-AF14-D9B235375346}.Debug|Any CPU.ActiveCfg = Debug|Any CPU
		{574B1766-8B0E-4F7A-AF14-D9B235375346}.Debug|Any CPU.Build.0 = Debug|Any CPU
		{574B1766-8B0E-4F7A-AF14-D9B235375346}.Release|Any CPU.ActiveCfg = Release|Any CPU
		{574B1766-8B0E-4F7A-AF14-D9B235375346}.Release|Any CPU.Build.0 = Release|Any CPU
		{8DE9E3D2-504D-406C-B1B6-6376DDBB1C18}.Debug|Any CPU.ActiveCfg = Debug|Any CPU
		{8DE9E3D2-504D-406C-B1B6-6376DDBB1C18}.Debug|Any CPU.Build.0 = Debug|Any CPU
		{8DE9E3D2-504D-406C-B1B6-6376DDBB1C18}.Release|Any CPU.ActiveCfg = Release|Any CPU
		{8DE9E3D2-504D-406C-B1B6-6376DDBB1C18}.Release|Any CPU.Build.0 = Release|Any CPU
		{34C08C0D-CA25-4ABB-829B-128B4AD34B26}.Debug|Any CPU.ActiveCfg = Debug|Any CPU
		{34C08C0D-CA25-4ABB-829B-128B4AD34B26}.Debug|Any CPU.Build.0 = Debug|Any CPU
		{34C08C0D-CA25-4ABB-829B-128B4AD34B26}.Release|Any CPU.ActiveCfg = Release|Any CPU
		{34C08C0D-CA25-4ABB-829B-128B4AD34B26}.Release|Any CPU.Build.0 = Release|Any CPU
	EndGlobalSection
	GlobalSection(SolutionProperties) = preSolution
		HideSolutionNode = FALSE
	EndGlobalSection
	GlobalSection(NestedProjects) = preSolution
		{AAD4CD40-291C-45C4-AAC8-8B9E8F0BD07E} = {E2BF560E-AB82-44C5-B990-32F2F5CEB8F8}
		{BD64443D-6F0F-4290-AD5C-8754361EA4F7} = {E2BF560E-AB82-44C5-B990-32F2F5CEB8F8}
		{574B1766-8B0E-4F7A-AF14-D9B235375346} = {CDB8B9EF-99E4-41E1-BE46-698647123255}
		{8DE9E3D2-504D-406C-B1B6-6376DDBB1C18} = {E2BF560E-AB82-44C5-B990-32F2F5CEB8F8}
		{34C08C0D-CA25-4ABB-829B-128B4AD34B26} = {CDB8B9EF-99E4-41E1-BE46-698647123255}
	EndGlobalSection
	GlobalSection(ExtensibilityGlobals) = postSolution
		SolutionGuid = {D1843708-76D1-4698-A487-8D1531533306}
	EndGlobalSection
EndGlobal
